
Microsoft Visual Studio Solution File, Format Version 12.00
# Visual Studio Version 17
VisualStudioVersion = 17.1.32414.318
MinimumVisualStudioVersion = 10.0.40219.1
Project("{9A19103F-16F7-4668-BE54-9A1E7A4F7556}") = "StokTakipSistemi", "StokTakipSistemi\StokTakipSistemi.csproj", "{0CC41748-B0A7-46E1-A39D-4BCD8B5474B2}"
EndProject
Global
	GlobalSection(SolutionConfigurationPlatforms) = preSolution
		Debug|Any CPU = Debug|Any CPU
		Release|Any CPU = Release|Any CPU
	EndGlobalSection
	GlobalSection(ProjectConfigurationPlatforms) = postSolution
		{0CC41748-B0A7-46E1-A39D-4BCD8B5474B2}.Debug|Any CPU.ActiveCfg = Debug|Any CPU
		{0CC41748-B0A7-46E1-A39D-4BCD8B5474B2}.Debug|Any CPU.Build.0 = Debug|Any CPU
		{0CC41748-B0A7-46E1-A39D-4BCD8B5474B2}.Release|Any CPU.ActiveCfg = Release|Any CPU
		{0CC41748-B0A7-46E1-A39D-4BCD8B5474B2}.Release|Any CPU.Build.0 = Release|Any CPU
	EndGlobalSection
	GlobalSection(SolutionProperties) = preSolution
		HideSolutionNode = FALSE
	EndGlobalSection
	GlobalSection(ExtensibilityGlobals) = postSolution
		SolutionGuid = {253D53FF-0824-41BF-A44B-A402941228F6}
	EndGlobalSection
EndGlobal
